
Microsoft Visual Studio Solution File, Format Version 12.00
# Visual Studio Version 16
VisualStudioVersion = 16.0.31424.327
MinimumVisualStudioVersion = 10.0.40219.1
Project("{FAE04EC0-301F-11D3-BF4B-00C04F79EFBC}") = "Week4Assignment2", "Week4Assignment2\Week4Assignment2.csproj", "{23A219BD-2A92-4237-9E4A-761CCF1A5F17}"
EndProject
Global
	GlobalSection(SolutionConfigurationPlatforms) = preSolution
		Debug|Any CPU = Debug|Any CPU
		Release|Any CPU = Release|Any CPU
	EndGlobalSection
	GlobalSection(ProjectConfigurationPlatforms) = postSolution
		{23A219BD-2A92-4237-9E4A-761CCF1A5F17}.Debug|Any CPU.ActiveCfg = Debug|Any CPU
		{23A219BD-2A92-4237-9E4A-761CCF1A5F17}.Debug|Any CPU.Build.0 = Debug|Any CPU
		{23A219BD-2A92-4237-9E4A-761CCF1A5F17}.Release|Any CPU.ActiveCfg = Release|Any CPU
		{23A219BD-2A92-4237-9E4A-761CCF1A5F17}.Release|Any CPU.Build.0 = Release|Any CPU
	EndGlobalSection
	GlobalSection(SolutionProperties) = preSolution
		HideSolutionNode = FALSE
	EndGlobalSection
	GlobalSection(ExtensibilityGlobals) = postSolution
		SolutionGuid = {02A9B279-EF49-4A0D-89D7-D896C9F74A73}
	EndGlobalSection
EndGlobal
